
Microsoft Visual Studio Solution File, Format Version 12.00
# Visual Studio Version 17
VisualStudioVersion = 17.11.35222.181
MinimumVisualStudioVersion = 10.0.40219.1
Project("{FAE04EC0-301F-11D3-BF4B-00C04F79EFBC}") = "crucipuzzle", "crucipuzzle\crucipuzzle.csproj", "{3A77E938-1CB2-4A0D-9CFD-99DF255D9CDD}"
EndProject
Global
	GlobalSection(SolutionConfigurationPlatforms) = preSolution
		Debug|Any CPU = Debug|Any CPU
		Release|Any CPU = Release|Any CPU
	EndGlobalSection
	GlobalSection(ProjectConfigurationPlatforms) = postSolution
		{3A77E938-1CB2-4A0D-9CFD-99DF255D9CDD}.Debug|Any CPU.ActiveCfg = Debug|Any CPU
		{3A77E938-1CB2-4A0D-9CFD-99DF255D9CDD}.Debug|Any CPU.Build.0 = Debug|Any CPU
		{3A77E938-1CB2-4A0D-9CFD-99DF255D9CDD}.Release|Any CPU.ActiveCfg = Release|Any CPU
		{3A77E938-1CB2-4A0D-9CFD-99DF255D9CDD}.Release|Any CPU.Build.0 = Release|Any CPU
	EndGlobalSection
	GlobalSection(SolutionProperties) = preSolution
		HideSolutionNode = FALSE
	EndGlobalSection
	GlobalSection(ExtensibilityGlobals) = postSolution
		SolutionGuid = {700197F7-AA21-464F-AF81-590D4CAD05E5}
	EndGlobalSection
EndGlobal
